
Microsoft Visual Studio Solution File, Format Version 12.00
# Visual Studio Version 16
VisualStudioVersion = 16.0.30717.126
MinimumVisualStudioVersion = 10.0.40219.1
Project("{FAE04EC0-301F-11D3-BF4B-00C04F79EFBC}") = "SQLite ORM", "SQLite ORM\SQLite ORM.csproj", "{EB5906AE-6D85-4BE5-A498-72FA66FFCB8B}"
EndProject
Global
	GlobalSection(SolutionConfigurationPlatforms) = preSolution
		Debug|Any CPU = Debug|Any CPU
		Release|Any CPU = Release|Any CPU
	EndGlobalSection
	GlobalSection(ProjectConfigurationPlatforms) = postSolution
		{EB5906AE-6D85-4BE5-A498-72FA66FFCB8B}.Debug|Any CPU.ActiveCfg = Debug|Any CPU
		{EB5906AE-6D85-4BE5-A498-72FA66FFCB8B}.Debug|Any CPU.Build.0 = Debug|Any CPU
		{EB5906AE-6D85-4BE5-A498-72FA66FFCB8B}.Release|Any CPU.ActiveCfg = Release|Any CPU
		{EB5906AE-6D85-4BE5-A498-72FA66FFCB8B}.Release|Any CPU.Build.0 = Release|Any CPU
	EndGlobalSection
	GlobalSection(SolutionProperties) = preSolution
		HideSolutionNode = FALSE
	EndGlobalSection
	GlobalSection(ExtensibilityGlobals) = postSolution
		SolutionGuid = {B8315ECF-4053-4C9B-AF3B-6E18D0409501}
	EndGlobalSection
EndGlobal
